
Microsoft Visual Studio Solution File, Format Version 12.00
# Visual Studio Version 17
VisualStudioVersion = 17.6.33829.357
MinimumVisualStudioVersion = 10.0.40219.1
Project("{FAE04EC0-301F-11D3-BF4B-00C04F79EFBC}") = "DiscordNet", "DiscordNet\DiscordNet.csproj", "{337CE330-E2AB-442F-A080-F7B94B367EA3}"
EndProject
Global
	GlobalSection(SolutionConfigurationPlatforms) = preSolution
		Debug|Any CPU = Debug|Any CPU
		Release|Any CPU = Release|Any CPU
	EndGlobalSection
	GlobalSection(ProjectConfigurationPlatforms) = postSolution
		{337CE330-E2AB-442F-A080-F7B94B367EA3}.Debug|Any CPU.ActiveCfg = Debug|Any CPU
		{337CE330-E2AB-442F-A080-F7B94B367EA3}.Debug|Any CPU.Build.0 = Debug|Any CPU
		{337CE330-E2AB-442F-A080-F7B94B367EA3}.Release|Any CPU.ActiveCfg = Release|Any CPU
		{337CE330-E2AB-442F-A080-F7B94B367EA3}.Release|Any CPU.Build.0 = Release|Any CPU
	EndGlobalSection
	GlobalSection(SolutionProperties) = preSolution
		HideSolutionNode = FALSE
	EndGlobalSection
	GlobalSection(ExtensibilityGlobals) = postSolution
		SolutionGuid = {89634B02-08EF-4BCE-8298-04A10DE6CFE7}
	EndGlobalSection
EndGlobal
